
Microsoft Visual Studio Solution File, Format Version 12.00
# Visual Studio Version 16
VisualStudioVersion = 16.0.31624.102
MinimumVisualStudioVersion = 10.0.40219.1
Project("{FAE04EC0-301F-11D3-BF4B-00C04F79EFBC}") = "Excecoes", "Excessoes\Excecoes.csproj", "{7C23B227-0AFE-4B38-B2A4-C8C3BF7F415C}"
EndProject
Global
	GlobalSection(SolutionConfigurationPlatforms) = preSolution
		Debug|Any CPU = Debug|Any CPU
		Release|Any CPU = Release|Any CPU
	EndGlobalSection
	GlobalSection(ProjectConfigurationPlatforms) = postSolution
		{7C23B227-0AFE-4B38-B2A4-C8C3BF7F415C}.Debug|Any CPU.ActiveCfg = Debug|Any CPU
		{7C23B227-0AFE-4B38-B2A4-C8C3BF7F415C}.Debug|Any CPU.Build.0 = Debug|Any CPU
		{7C23B227-0AFE-4B38-B2A4-C8C3BF7F415C}.Release|Any CPU.ActiveCfg = Release|Any CPU
		{7C23B227-0AFE-4B38-B2A4-C8C3BF7F415C}.Release|Any CPU.Build.0 = Release|Any CPU
	EndGlobalSection
	GlobalSection(SolutionProperties) = preSolution
		HideSolutionNode = FALSE
	EndGlobalSection
	GlobalSection(ExtensibilityGlobals) = postSolution
		SolutionGuid = {A5C80CE3-C3F1-44DD-BC21-1F7FA43B49DC}
	EndGlobalSection
EndGlobal
