
Microsoft Visual Studio Solution File, Format Version 12.00
# Visual Studio Version 16
VisualStudioVersion = 16.0.31624.102
MinimumVisualStudioVersion = 10.0.40219.1
Project("{FAE04EC0-301F-11D3-BF4B-00C04F79EFBC}") = "Employees", "Employees\Employees.csproj", "{E2AC18F4-C9AB-4742-AD47-9F360B0B2F8C}"
EndProject
Global
	GlobalSection(SolutionConfigurationPlatforms) = preSolution
		Debug|Any CPU = Debug|Any CPU
		Release|Any CPU = Release|Any CPU
	EndGlobalSection
	GlobalSection(ProjectConfigurationPlatforms) = postSolution
		{E2AC18F4-C9AB-4742-AD47-9F360B0B2F8C}.Debug|Any CPU.ActiveCfg = Debug|Any CPU
		{E2AC18F4-C9AB-4742-AD47-9F360B0B2F8C}.Debug|Any CPU.Build.0 = Debug|Any CPU
		{E2AC18F4-C9AB-4742-AD47-9F360B0B2F8C}.Release|Any CPU.ActiveCfg = Release|Any CPU
		{E2AC18F4-C9AB-4742-AD47-9F360B0B2F8C}.Release|Any CPU.Build.0 = Release|Any CPU
	EndGlobalSection
	GlobalSection(SolutionProperties) = preSolution
		HideSolutionNode = FALSE
	EndGlobalSection
	GlobalSection(ExtensibilityGlobals) = postSolution
		SolutionGuid = {66117332-E405-4E61-B219-C9639C456F7B}
	EndGlobalSection
EndGlobal
